
Microsoft Visual Studio Solution File, Format Version 12.00
# Visual Studio Version 17
VisualStudioVersion = 17.1.32228.430
MinimumVisualStudioVersion = 10.0.40219.1
Project("{FAE04EC0-301F-11D3-BF4B-00C04F79EFBC}") = "EPasport", "EPasport\EPasport.csproj", "{94C42E1F-C78C-4984-A507-2D8C3059A10A}"
EndProject
Global
	GlobalSection(SolutionConfigurationPlatforms) = preSolution
		Debug|Any CPU = Debug|Any CPU
		Release|Any CPU = Release|Any CPU
	EndGlobalSection
	GlobalSection(ProjectConfigurationPlatforms) = postSolution
		{94C42E1F-C78C-4984-A507-2D8C3059A10A}.Debug|Any CPU.ActiveCfg = Debug|Any CPU
		{94C42E1F-C78C-4984-A507-2D8C3059A10A}.Debug|Any CPU.Build.0 = Debug|Any CPU
		{94C42E1F-C78C-4984-A507-2D8C3059A10A}.Release|Any CPU.ActiveCfg = Release|Any CPU
		{94C42E1F-C78C-4984-A507-2D8C3059A10A}.Release|Any CPU.Build.0 = Release|Any CPU
	EndGlobalSection
	GlobalSection(SolutionProperties) = preSolution
		HideSolutionNode = FALSE
	EndGlobalSection
	GlobalSection(ExtensibilityGlobals) = postSolution
		SolutionGuid = {896146E0-13E5-4999-A1E6-31A184003837}
	EndGlobalSection
EndGlobal
